// !$*UTF8*$!
{
	archiveVersion = 1;
	classes = {
	};
	objectVersion = 56;
	objects = {

/* Begin PBXBuildFile section */
		0554DC872BE660F900E4948E /* ListViewSwiftUIApp.swift in Sources */ = {isa = PBXBuildFile; fileRef = 0554DC862BE660F900E4948E /* ListViewSwiftUIApp.swift */; };
		0554DC892BE660F900E4948E /* ContentView.swift in Sources */ = {isa = PBXBuildFile; fileRef = 0554DC882BE660F900E4948E /* ContentView.swift */; };
		0554DC8B2BE660FB00E4948E /* Assets.xcassets in Resources */ = {isa = PBXBuildFile; fileRef = 0554DC8A2BE660FB00E4948E /* Assets.xcassets */; };
		0554DC8E2BE660FB00E4948E /* Preview Assets.xcassets in Resources */ = {isa = PBXBuildFile; fileRef = 0554DC8D2BE660FB00E4948E /* Preview Assets.xcassets */; };
		05CD54962BE6849F008C9F48 /* CustomButton.swift in Sources */ = {isa = PBXBuildFile; fileRef = 05CD54952BE6849F008C9F48 /* CustomButton.swift */; };
		05CD54992BE684DB008C9F48 /* Company.swift in Sources */ = {isa = PBXBuildFile; fileRef = 05CD54982BE684DB008C9F48 /* Company.swift */; };
		05CD549C2BE684FF008C9F48 /* AsyncImageView.swift in Sources */ = {isa = PBXBuildFile; fileRef = 05CD549B2BE684FF008C9F48 /* AsyncImageView.swift */; };
		05CD54A02BE68556008C9F48 /* CustomListItem.swift in Sources */ = {isa = PBXBuildFile; fileRef = 05CD549F2BE68556008C9F48 /* CustomListItem.swift */; };
		05CD54A32BE68588008C9F48 /* String.swift in Sources */ = {isa = PBXBuildFile; fileRef = 05CD54A22BE68588008C9F48 /* String.swift */; };
/* End PBXBuildFile section */

/* Begin PBXFileReference section */
		0554DC832BE660F900E4948E /* ListViewSwiftUI.app */ = {isa = PBXFileReference; explicitFileType = wrapper.application; includeInIndex = 0; path = ListViewSwiftUI.app; sourceTree = BUILT_PRODUCTS_DIR; };
		0554DC862BE660F900E4948E /* ListViewSwiftUIApp.swift */ = {isa = PBXFileReference; lastKnownFileType = sourcecode.swift; path = ListViewSwiftUIApp.swift; sourceTree = "<group>"; };
		0554DC882BE660F900E4948E /* ContentView.swift */ = {isa = PBXFileReference; lastKnownFileType = sourcecode.swift; path = ContentView.swift; sourceTree = "<group>"; };
		0554DC8A2BE660FB00E4948E /* Assets.xcassets */ = {isa = PBXFileReference; lastKnownFileType = folder.assetcatalog; path = Assets.xcassets; sourceTree = "<group>"; };
		0554DC8D2BE660FB00E4948E /* Preview Assets.xcassets */ = {isa = PBXFileReference; lastKnownFileType = folder.assetcatalog; path = "Preview Assets.xcassets"; sourceTree = "<group>"; };
		05CD54952BE6849F008C9F48 /* CustomButton.swift */ = {isa = PBXFileReference; lastKnownFileType = sourcecode.swift; path = CustomButton.swift; sourceTree = "<group>"; };
		05CD54982BE684DB008C9F48 /* Company.swift */ = {isa = PBXFileReference; lastKnownFileType = sourcecode.swift; path = Company.swift; sourceTree = "<group>"; };
		05CD549B2BE684FF008C9F48 /* AsyncImageView.swift */ = {isa = PBXFileReference; lastKnownFileType = sourcecode.swift; path = AsyncImageView.swift; sourceTree = "<group>"; };
		05CD549F2BE68556008C9F48 /* CustomListItem.swift */ = {isa = PBXFileReference; lastKnownFileType = sourcecode.swift; path = CustomListItem.swift; sourceTree = "<group>"; };
		05CD54A22BE68588008C9F48 /* String.swift */ = {isa = PBXFileReference; lastKnownFileType = sourcecode.swift; path = String.swift; sourceTree = "<group>"; };
/* End PBXFileReference section */

/* Begin PBXFrameworksBuildPhase section */
		0554DC802BE660F900E4948E /* Frameworks */ = {
			isa = PBXFrameworksBuildPhase;
			buildActionMask = 2147483647;
			files = (
			);
			runOnlyForDeploymentPostprocessing = 0;
		};
/* End PBXFrameworksBuildPhase section */

/* Begin PBXGroup section */
		0554DC7A2BE660F900E4948E = {
			isa = PBXGroup;
			children = (
				0554DC852BE660F900E4948E /* ListViewSwiftUI */,
				0554DC842BE660F900E4948E /* Products */,
			);
			sourceTree = "<group>";
		};
		0554DC842BE660F900E4948E /* Products */ = {
			isa = PBXGroup;
			children = (
				0554DC832BE660F900E4948E /* ListViewSwiftUI.app */,
			);
			name = Products;
			sourceTree = "<group>";
		};
		0554DC852BE660F900E4948E /* ListViewSwiftUI */ = {
			isa = PBXGroup;
			children = (
				05CD54A12BE6857C008C9F48 /* Extensions */,
				05CD549A2BE684F7008C9F48 /* Helper */,
				05CD54972BE684D5008C9F48 /* Model */,
				05CD54942BE68499008C9F48 /* Views */,
				0554DC882BE660F900E4948E /* ContentView.swift */,
				0554DC862BE660F900E4948E /* ListViewSwiftUIApp.swift */,
				0554DC8A2BE660FB00E4948E /* Assets.xcassets */,
				0554DC8C2BE660FB00E4948E /* Preview Content */,
			);
			path = ListViewSwiftUI;
			sourceTree = "<group>";
		};
		0554DC8C2BE660FB00E4948E /* Preview Content */ = {
			isa = PBXGroup;
			children = (
				0554DC8D2BE660FB00E4948E /* Preview Assets.xcassets */,
			);
			path = "Preview Content";
			sourceTree = "<group>";
		};
		05CD54942BE68499008C9F48 /* Views */ = {
			isa = PBXGroup;
			children = (
				05CD549E2BE68549008C9F48 /* Buttons */,
				05CD549D2BE6853C008C9F48 /* CustomListItem */,
			);
			path = Views;
			sourceTree = "<group>";
		};
		05CD54972BE684D5008C9F48 /* Model */ = {
			isa = PBXGroup;
			children = (
				05CD54982BE684DB008C9F48 /* Company.swift */,
			);
			path = Model;
			sourceTree = "<group>";
		};
		05CD549A2BE684F7008C9F48 /* Helper */ = {
			isa = PBXGroup;
			children = (
				05CD549B2BE684FF008C9F48 /* AsyncImageView.swift */,
			);
			path = Helper;
			sourceTree = "<group>";
		};
		05CD549D2BE6853C008C9F48 /* CustomListItem */ = {
			isa = PBXGroup;
			children = (
				05CD549F2BE68556008C9F48 /* CustomListItem.swift */,
			);
			path = CustomListItem;
			sourceTree = "<group>";
		};
		05CD549E2BE68549008C9F48 /* Buttons */ = {
			isa = PBXGroup;
			children = (
				05CD54952BE6849F008C9F48 /* CustomButton.swift */,
			);
			path = Buttons;
			sourceTree = "<group>";
		};
		05CD54A12BE6857C008C9F48 /* Extensions */ = {
			isa = PBXGroup;
			children = (
				05CD54A22BE68588008C9F48 /* String.swift */,
			);
			path = Extensions;
			sourceTree = "<group>";
		};
/* End PBXGroup section */

/* Begin PBXNativeTarget section */
		0554DC822BE660F900E4948E /* ListViewSwiftUI */ = {
			isa = PBXNativeTarget;
			buildConfigurationList = 0554DC912BE660FB00E4948E /* Build configuration list for PBXNativeTarget "ListViewSwiftUI" */;
			buildPhases = (
				0554DC7F2BE660F900E4948E /* Sources */,
				0554DC802BE660F900E4948E /* Frameworks */,
				0554DC812BE660F900E4948E /* Resources */,
			);
			buildRules = (
			);
			dependencies = (
			);
			name = ListViewSwiftUI;
			productName = ListViewSwiftUI;
			productReference = 0554DC832BE660F900E4948E /* ListViewSwiftUI.app */;
			productType = "com.apple.product-type.application";
		};
/* End PBXNativeTarget section */

/* Begin PBXProject section */
		0554DC7B2BE660F900E4948E /* Project object */ = {
			isa = PBXProject;
			attributes = {
				BuildIndependentTargetsInParallel = 1;
				LastSwiftUpdateCheck = 1420;
				LastUpgradeCheck = 1420;
				TargetAttributes = {
					0554DC822BE660F900E4948E = {
						CreatedOnToolsVersion = 14.2;
					};
				};
			};
			buildConfigurationList = 0554DC7E2BE660F900E4948E /* Build configuration list for PBXProject "ListViewSwiftUI" */;
			compatibilityVersion = "Xcode 14.0";
			developmentRegion = en;
			hasScannedForEncodings = 0;
			knownRegions = (
				en,
				Base,
			);
			mainGroup = 0554DC7A2BE660F900E4948E;
			productRefGroup = 0554DC842BE660F900E4948E /* Products */;
			projectDirPath = "";
			projectRoot = "";
			targets = (
				0554DC822BE660F900E4948E /* ListViewSwiftUI */,
			);
		};
/* End PBXProject section */

/* Begin PBXResourcesBuildPhase section */
		0554DC812BE660F900E4948E /* Resources */ = {
			isa = PBXResourcesBuildPhase;
			buildActionMask = 2147483647;
			files = (
				0554DC8E2BE660FB00E4948E /* Preview Assets.xcassets in Resources */,
				0554DC8B2BE660FB00E4948E /* Assets.xcassets in Resources */,
			);
			runOnlyForDeploymentPostprocessing = 0;
		};
/* End PBXResourcesBuildPhase section */

/* Begin PBXSourcesBuildPhase section */
		0554DC7F2BE660F900E4948E /* Sources */ = {
			isa = PBXSourcesBuildPhase;
			buildActionMask = 2147483647;
			files = (
				0554DC892BE660F900E4948E /* ContentView.swift in Sources */,
				0554DC872BE660F900E4948E /* ListViewSwiftUIApp.swift in Sources */,
				05CD54962BE6849F008C9F48 /* CustomButton.swift in Sources */,
				05CD54A02BE68556008C9F48 /* CustomListItem.swift in Sources */,
				05CD54A32BE68588008C9F48 /* String.swift in Sources */,
				05CD549C2BE684FF008C9F48 /* AsyncImageView.swift in Sources */,
				05CD54992BE684DB008C9F48 /* Company.swift in Sources */,
			);
			runOnlyForDeploymentPostprocessing = 0;
		};
/* End PBXSourcesBuildPhase section */

/* Begin XCBuildConfiguration section */
		0554DC8F2BE660FB00E4948E /* Debug */ = {
			isa = XCBuildConfiguration;
			buildSettings = {
				ALWAYS_SEARCH_USER_PATHS = NO;
				CLANG_ANALYZER_NONNULL = YES;
				CLANG_ANALYZER_NUMBER_OBJECT_CONVERSION = YES_AGGRESSIVE;
				CLANG_CXX_LANGUAGE_STANDARD = "gnu++20";
				CLANG_ENABLE_MODULES = YES;
				CLANG_ENABLE_OBJC_ARC = YES;
				CLANG_ENABLE_OBJC_WEAK = YES;
				CLANG_WARN_BLOCK_CAPTURE_AUTORELEASING = YES;
				CLANG_WARN_BOOL_CONVERSION = YES;
				CLANG_WARN_COMMA = YES;
				CLANG_WARN_CONSTANT_CONVERSION = YES;
				CLANG_WARN_DEPRECATED_OBJC_IMPLEMENTATIONS = YES;
				CLANG_WARN_DIRECT_OBJC_ISA_USAGE = YES_ERROR;
				CLANG_WARN_DOCUMENTATION_COMMENTS = YES;
				CLANG_WARN_EMPTY_BODY = YES;
				CLANG_WARN_ENUM_CONVERSION = YES;
				CLANG_WARN_INFINITE_RECURSION = YES;
				CLANG_WARN_INT_CONVERSION = YES;
				CLANG_WARN_NON_LITERAL_NULL_CONVERSION = YES;
				CLANG_WARN_OBJC_IMPLICIT_RETAIN_SELF = YES;
				CLANG_WARN_OBJC_LITERAL_CONVERSION = YES;
				CLANG_WARN_OBJC_ROOT_CLASS = YES_ERROR;
				CLANG_WARN_QUOTED_INCLUDE_IN_FRAMEWORK_HEADER = YES;
				CLANG_WARN_RANGE_LOOP_ANALYSIS = YES;
				CLANG_WARN_STRICT_PROTOTYPES = YES;
				CLANG_WARN_SUSPICIOUS_MOVE = YES;
				CLANG_WARN_UNGUARDED_AVAILABILITY = YES_AGGRESSIVE;
				CLANG_WARN_UNREACHABLE_CODE = YES;
				CLANG_WARN__DUPLICATE_METHOD_MATCH = YES;
				COPY_PHASE_STRIP = NO;
				DEBUG_INFORMATION_FORMAT = dwarf;
				ENABLE_STRICT_OBJC_MSGSEND = YES;
				ENABLE_TESTABILITY = YES;
				GCC_C_LANGUAGE_STANDARD = gnu11;
				GCC_DYNAMIC_NO_PIC = NO;
				GCC_NO_COMMON_BLOCKS = YES;
				GCC_OPTIMIZATION_LEVEL = 0;
				GCC_PREPROCESSOR_DEFINITIONS = (
					"DEBUG=1",
					"$(inherited)",
				);
				GCC_WARN_64_TO_32_BIT_CONVERSION = YES;
				GCC_WARN_ABOUT_RETURN_TYPE = YES_ERROR;
				GCC_WARN_UNDECLARED_SELECTOR = YES;
				GCC_WARN_UNINITIALIZED_AUTOS = YES_AGGRESSIVE;
				GCC_WARN_UNUSED_FUNCTION = YES;
				GCC_WARN_UNUSED_VARIABLE = YES;
				IPHONEOS_DEPLOYMENT_TARGET = 16.2;
				MTL_ENABLE_DEBUG_INFO = INCLUDE_SOURCE;
				MTL_FAST_MATH = YES;
				ONLY_ACTIVE_ARCH = YES;
				SDKROOT = iphoneos;
				SWIFT_ACTIVE_COMPILATION_CONDITIONS = DEBUG;
				SWIFT_OPTIMIZATION_LEVEL = "-Onone";
			};
			name = Debug;
		};
		0554DC902BE660FB00E4948E /* Release */ = {
			isa = XCBuildConfiguration;
			buildSettings = {
				ALWAYS_SEARCH_USER_PATHS = NO;
				CLANG_ANALYZER_NONNULL = YES;
				CLANG_ANALYZER_NUMBER_OBJECT_CONVERSION = YES_AGGRESSIVE;
				CLANG_CXX_LANGUAGE_STANDARD = "gnu++20";
				CLANG_ENABLE_MODULES = YES;
				CLANG_ENABLE_OBJC_ARC = YES;
				CLANG_ENABLE_OBJC_WEAK = YES;
				CLANG_WARN_BLOCK_CAPTURE_AUTORELEASING = YES;
				CLANG_WARN_BOOL_CONVERSION = YES;
				CLANG_WARN_COMMA = YES;
				CLANG_WARN_CONSTANT_CONVERSION = YES;
				CLANG_WARN_DEPRECATED_OBJC_IMPLEMENTATIONS = YES;
				CLANG_WARN_DIRECT_OBJC_ISA_USAGE = YES_ERROR;
				CLANG_WARN_DOCUMENTATION_COMMENTS = YES;
				CLANG_WARN_EMPTY_BODY = YES;
				CLANG_WARN_ENUM_CONVERSION = YES;
				CLANG_WARN_INFINITE_RECURSION = YES;
				CLANG_WARN_INT_CONVERSION = YES;
				CLANG_WARN_NON_LITERAL_NULL_CONVERSION = YES;
				CLANG_WARN_OBJC_IMPLICIT_RETAIN_SELF = YES;
				CLANG_WARN_OBJC_LITERAL_CONVERSION = YES;
				CLANG_WARN_OBJC_ROOT_CLASS = YES_ERROR;
				CLANG_WARN_QUOTED_INCLUDE_IN_FRAMEWORK_HEADER = YES;
				CLANG_WARN_RANGE_LOOP_ANALYSIS = YES;
				CLANG_WARN_STRICT_PROTOTYPES = YES;
				CLANG_WARN_SUSPICIOUS_MOVE = YES;
				CLANG_WARN_UNGUARDED_AVAILABILITY = YES_AGGRESSIVE;
				CLANG_WARN_UNREACHABLE_CODE = YES;
				CLANG_WARN__DUPLICATE_METHOD_MATCH = YES;
				COPY_PHASE_STRIP = NO;
				DEBUG_INFORMATION_FORMAT = "dwarf-with-dsym";
				ENABLE_NS_ASSERTIONS = NO;
				ENABLE_STRICT_OBJC_MSGSEND = YES;
				GCC_C_LANGUAGE_STANDARD = gnu11;
				GCC_NO_COMMON_BLOCKS = YES;
				GCC_WARN_64_TO_32_BIT_CONVERSION = YES;
				GCC_WARN_ABOUT_RETURN_TYPE = YES_ERROR;
				GCC_WARN_UNDECLARED_SELECTOR = YES;
				GCC_WARN_UNINITIALIZED_AUTOS = YES_AGGRESSIVE;
				GCC_WARN_UNUSED_FUNCTION = YES;
				GCC_WARN_UNUSED_VARIABLE = YES;
				IPHONEOS_DEPLOYMENT_TARGET = 16.2;
				MTL_ENABLE_DEBUG_INFO = NO;
				MTL_FAST_MATH = YES;
				SDKROOT = iphoneos;
				SWIFT_COMPILATION_MODE = wholemodule;
				SWIFT_OPTIMIZATION_LEVEL = "-O";
				VALIDATE_PRODUCT = YES;
			};
			name = Release;
		};
		0554DC922BE660FB00E4948E /* Debug */ = {
			isa = XCBuildConfiguration;
			buildSettings = {
				ASSETCATALOG_COMPILER_APPICON_NAME = AppIcon;
				ASSETCATALOG_COMPILER_GLOBAL_ACCENT_COLOR_NAME = AccentColor;
				CODE_SIGN_STYLE = Automatic;
				CURRENT_PROJECT_VERSION = 1;
				DEVELOPMENT_ASSET_PATHS = "\"ListViewSwiftUI/Preview Content\"";
				DEVELOPMENT_TEAM = 44B387YQ4J;
				ENABLE_PREVIEWS = YES;
				GENERATE_INFOPLIST_FILE = YES;
				INFOPLIST_KEY_UIApplicationSceneManifest_Generation = YES;
				INFOPLIST_KEY_UIApplicationSupportsIndirectInputEvents = YES;
				INFOPLIST_KEY_UILaunchScreen_Generation = YES;
				INFOPLIST_KEY_UISupportedInterfaceOrientations_iPad = "UIInterfaceOrientationPortrait UIInterfaceOrientationPortraitUpsideDown UIInterfaceOrientationLandscapeLeft UIInterfaceOrientationLandscapeRight";
				INFOPLIST_KEY_UISupportedInterfaceOrientations_iPhone = "UIInterfaceOrientationPortrait UIInterfaceOrientationLandscapeLeft UIInterfaceOrientationLandscapeRight";
				LD_RUNPATH_SEARCH_PATHS = (
					"$(inherited)",
					"@executable_path/Frameworks",
				);
				MARKETING_VERSION = 1.0;
				PRODUCT_BUNDLE_IDENTIFIER = kogut.ListViewSwiftUI;
				PRODUCT_NAME = "$(TARGET_NAME)";
				SWIFT_EMIT_LOC_STRINGS = YES;
				SWIFT_VERSION = 5.0;
				TARGETED_DEVICE_FAMILY = "1,2";
			};
			name = Debug;
		};
		0554DC932BE660FB00E4948E /* Release */ = {
			isa = XCBuildConfiguration;
			buildSettings = {
				ASSETCATALOG_COMPILER_APPICON_NAME = AppIcon;
				ASSETCATALOG_COMPILER_GLOBAL_ACCENT_COLOR_NAME = AccentColor;
				CODE_SIGN_STYLE = Automatic;
				CURRENT_PROJECT_VERSION = 1;
				DEVELOPMENT_ASSET_PATHS = "\"ListViewSwiftUI/Preview Content\"";
				DEVELOPMENT_TEAM = 44B387YQ4J;
				ENABLE_PREVIEWS = YES;
				GENERATE_INFOPLIST_FILE = YES;
				INFOPLIST_KEY_UIApplicationSceneManifest_Generation = YES;
				INFOPLIST_KEY_UIApplicationSupportsIndirectInputEvents = YES;
				INFOPLIST_KEY_UILaunchScreen_Generation = YES;
				INFOPLIST_KEY_UISupportedInterfaceOrientations_iPad = "UIInterfaceOrientationPortrait UIInterfaceOrientationPortraitUpsideDown UIInterfaceOrientationLandscapeLeft UIInterfaceOrientationLandscapeRight";
				INFOPLIST_KEY_UISupportedInterfaceOrientations_iPhone = "UIInterfaceOrientationPortrait UIInterfaceOrientationLandscapeLeft UIInterfaceOrientationLandscapeRight";
				LD_RUNPATH_SEARCH_PATHS = (
					"$(inherited)",
					"@executable_path/Frameworks",
				);
				MARKETING_VERSION = 1.0;
				PRODUCT_BUNDLE_IDENTIFIER = kogut.ListViewSwiftUI;
				PRODUCT_NAME = "$(TARGET_NAME)";
				SWIFT_EMIT_LOC_STRINGS = YES;
				SWIFT_VERSION = 5.0;
				TARGETED_DEVICE_FAMILY = "1,2";
			};
			name = Release;
		};
/* End XCBuildConfiguration section */

/* Begin XCConfigurationList section */
		0554DC7E2BE660F900E4948E /* Build configuration list for PBXProject "ListViewSwiftUI" */ = {
			isa = XCConfigurationList;
			buildConfigurations = (
				0554DC8F2BE660FB00E4948E /* Debug */,
				0554DC902BE660FB00E4948E /* Release */,
			);
			defaultConfigurationIsVisible = 0;
			defaultConfigurationName = Release;
		};
		0554DC912BE660FB00E4948E /* Build configuration list for PBXNativeTarget "ListViewSwiftUI" */ = {
			isa = XCConfigurationList;
			buildConfigurations = (
				0554DC922BE660FB00E4948E /* Debug */,
				0554DC932BE660FB00E4948E /* Release */,
			);
			defaultConfigurationIsVisible = 0;
			defaultConfigurationName = Release;
		};
/* End XCConfigurationList section */
	};
	rootObject = 0554DC7B2BE660F900E4948E /* Project object */;
}
